
Microsoft Visual Studio Solution File, Format Version 12.00
# Visual Studio Version 17
VisualStudioVersion = 17.10.34928.147
MinimumVisualStudioVersion = 10.0.40219.1
Project("{FAE04EC0-301F-11D3-BF4B-00C04F79EFBC}") = "NewTalents", "NewTalents.csproj", "{0CCD654F-8C37-4495-8789-BF52F33F05D0}"
EndProject
Project("{FAE04EC0-301F-11D3-BF4B-00C04F79EFBC}") = "TesteNewTalents", "..\TesteNewTalents\TesteNewTalents.csproj", "{757D2133-262B-446A-9121-4B6B00F84F58}"
EndProject
Global
	GlobalSection(SolutionConfigurationPlatforms) = preSolution
		Debug|Any CPU = Debug|Any CPU
		Release|Any CPU = Release|Any CPU
	EndGlobalSection
	GlobalSection(ProjectConfigurationPlatforms) = postSolution
		{0CCD654F-8C37-4495-8789-BF52F33F05D0}.Debug|Any CPU.ActiveCfg = Debug|Any CPU
		{0CCD654F-8C37-4495-8789-BF52F33F05D0}.Debug|Any CPU.Build.0 = Debug|Any CPU
		{0CCD654F-8C37-4495-8789-BF52F33F05D0}.Release|Any CPU.ActiveCfg = Release|Any CPU
		{0CCD654F-8C37-4495-8789-BF52F33F05D0}.Release|Any CPU.Build.0 = Release|Any CPU
		{757D2133-262B-446A-9121-4B6B00F84F58}.Debug|Any CPU.ActiveCfg = Debug|Any CPU
		{757D2133-262B-446A-9121-4B6B00F84F58}.Debug|Any CPU.Build.0 = Debug|Any CPU
		{757D2133-262B-446A-9121-4B6B00F84F58}.Release|Any CPU.ActiveCfg = Release|Any CPU
		{757D2133-262B-446A-9121-4B6B00F84F58}.Release|Any CPU.Build.0 = Release|Any CPU
	EndGlobalSection
	GlobalSection(SolutionProperties) = preSolution
		HideSolutionNode = FALSE
	EndGlobalSection
	GlobalSection(ExtensibilityGlobals) = postSolution
		SolutionGuid = {75EC00E9-B018-49BA-8EC2-0263EEEAAC16}
	EndGlobalSection
EndGlobal
